
Microsoft Visual Studio Solution File, Format Version 12.00
# Visual Studio Version 16
VisualStudioVersion = 16.0.31911.196
MinimumVisualStudioVersion = 10.0.40219.1
Project("{FAE04EC0-301F-11D3-BF4B-00C04F79EFBC}") = "PracticalAssignmentApplicationSecurity_202920H", "PracticalAssignmentApplicationSecurity_202920H\PracticalAssignmentApplicationSecurity_202920H.csproj", "{C016862F-899B-4388-86F7-AB69AD8E5148}"
EndProject
Global
	GlobalSection(SolutionConfigurationPlatforms) = preSolution
		Debug|Any CPU = Debug|Any CPU
		Release|Any CPU = Release|Any CPU
	EndGlobalSection
	GlobalSection(ProjectConfigurationPlatforms) = postSolution
		{C016862F-899B-4388-86F7-AB69AD8E5148}.Debug|Any CPU.ActiveCfg = Debug|Any CPU
		{C016862F-899B-4388-86F7-AB69AD8E5148}.Debug|Any CPU.Build.0 = Debug|Any CPU
		{C016862F-899B-4388-86F7-AB69AD8E5148}.Release|Any CPU.ActiveCfg = Release|Any CPU
		{C016862F-899B-4388-86F7-AB69AD8E5148}.Release|Any CPU.Build.0 = Release|Any CPU
	EndGlobalSection
	GlobalSection(SolutionProperties) = preSolution
		HideSolutionNode = FALSE
	EndGlobalSection
	GlobalSection(ExtensibilityGlobals) = postSolution
		SolutionGuid = {003D1E01-A280-4F18-AF8B-6C96E538758B}
	EndGlobalSection
EndGlobal
